
Microsoft Visual Studio Solution File, Format Version 12.00
# Visual Studio Version 17
VisualStudioVersion = 17.8.34511.84
MinimumVisualStudioVersion = 10.0.40219.1
Project("{FAE04EC0-301F-11D3-BF4B-00C04F79EFBC}") = "TwitterTowers", "TwitterTowers\TwitterTowers.csproj", "{0C3FD881-A98C-4887-B976-476D4DBC2186}"
EndProject
Global
	GlobalSection(SolutionConfigurationPlatforms) = preSolution
		Debug|Any CPU = Debug|Any CPU
		Release|Any CPU = Release|Any CPU
	EndGlobalSection
	GlobalSection(ProjectConfigurationPlatforms) = postSolution
		{0C3FD881-A98C-4887-B976-476D4DBC2186}.Debug|Any CPU.ActiveCfg = Debug|Any CPU
		{0C3FD881-A98C-4887-B976-476D4DBC2186}.Debug|Any CPU.Build.0 = Debug|Any CPU
		{0C3FD881-A98C-4887-B976-476D4DBC2186}.Release|Any CPU.ActiveCfg = Release|Any CPU
		{0C3FD881-A98C-4887-B976-476D4DBC2186}.Release|Any CPU.Build.0 = Release|Any CPU
	EndGlobalSection
	GlobalSection(SolutionProperties) = preSolution
		HideSolutionNode = FALSE
	EndGlobalSection
	GlobalSection(ExtensibilityGlobals) = postSolution
		SolutionGuid = {B27AD23D-D05F-4C9E-8451-3BB34D008E68}
	EndGlobalSection
EndGlobal
